// !$*UTF8*$!
{
	archiveVersion = 1;
	classes = {
	};
	objectVersion = 51;
	objects = {

/* Begin PBXBuildFile section */
		4F9BF62F26722B3D0071E5B6 /* AddViewController.swift in Sources */ = {isa = PBXBuildFile; fileRef = 4F9BF62E26722B3C0071E5B6 /* AddViewController.swift */; };
		4F9BF63126722EB00071E5B6 /* EditViewController.swift in Sources */ = {isa = PBXBuildFile; fileRef = 4F9BF63026722EB00071E5B6 /* EditViewController.swift */; };
		4F9BF63326724BE90071E5B6 /* LoginViewController.swift in Sources */ = {isa = PBXBuildFile; fileRef = 4F9BF63226724BE90071E5B6 /* LoginViewController.swift */; };
		4F9BF63526725B470071E5B6 /* GoogleService-Info.plist in Resources */ = {isa = PBXBuildFile; fileRef = 4F9BF63426725B470071E5B6 /* GoogleService-Info.plist */; };
		4F9BF637267276EC0071E5B6 /* Person.swift in Sources */ = {isa = PBXBuildFile; fileRef = 4F9BF636267276EB0071E5B6 /* Person.swift */; };
		4FC80B7126711A4A00F09016 /* AppDelegate.swift in Sources */ = {isa = PBXBuildFile; fileRef = 4FC80B7026711A4A00F09016 /* AppDelegate.swift */; };
		4FC80B7326711A4A00F09016 /* SceneDelegate.swift in Sources */ = {isa = PBXBuildFile; fileRef = 4FC80B7226711A4A00F09016 /* SceneDelegate.swift */; };
		4FC80B7526711A4A00F09016 /* ViewController.swift in Sources */ = {isa = PBXBuildFile; fileRef = 4FC80B7426711A4A00F09016 /* ViewController.swift */; };
		4FC80B7826711A4A00F09016 /* Main.storyboard in Resources */ = {isa = PBXBuildFile; fileRef = 4FC80B7626711A4A00F09016 /* Main.storyboard */; };
		4FC80B7B26711A4A00F09016 /* FirebaseApp.xcdatamodeld in Sources */ = {isa = PBXBuildFile; fileRef = 4FC80B7926711A4A00F09016 /* FirebaseApp.xcdatamodeld */; };
		4FC80B7D26711A5900F09016 /* Assets.xcassets in Resources */ = {isa = PBXBuildFile; fileRef = 4FC80B7C26711A5900F09016 /* Assets.xcassets */; };
		4FC80B8026711A5900F09016 /* LaunchScreen.storyboard in Resources */ = {isa = PBXBuildFile; fileRef = 4FC80B7E26711A5900F09016 /* LaunchScreen.storyboard */; };
		74089A72D06CC9889486B777 /* Pods_FirebaseApp.framework in Frameworks */ = {isa = PBXBuildFile; fileRef = 45F94ED55FF2CDB2110DAC30 /* Pods_FirebaseApp.framework */; };
/* End PBXBuildFile section */

/* Begin PBXFileReference section */
		45F94ED55FF2CDB2110DAC30 /* Pods_FirebaseApp.framework */ = {isa = PBXFileReference; explicitFileType = wrapper.framework; includeInIndex = 0; path = Pods_FirebaseApp.framework; sourceTree = BUILT_PRODUCTS_DIR; };
		4F9BF62E26722B3C0071E5B6 /* AddViewController.swift */ = {isa = PBXFileReference; lastKnownFileType = sourcecode.swift; path = AddViewController.swift; sourceTree = "<group>"; };
		4F9BF63026722EB00071E5B6 /* EditViewController.swift */ = {isa = PBXFileReference; lastKnownFileType = sourcecode.swift; path = EditViewController.swift; sourceTree = "<group>"; };
		4F9BF63226724BE90071E5B6 /* LoginViewController.swift */ = {isa = PBXFileReference; lastKnownFileType = sourcecode.swift; path = LoginViewController.swift; sourceTree = "<group>"; };
		4F9BF63426725B470071E5B6 /* GoogleService-Info.plist */ = {isa = PBXFileReference; fileEncoding = 4; lastKnownFileType = text.plist.xml; path = "GoogleService-Info.plist"; sourceTree = "<group>"; };
		4F9BF636267276EB0071E5B6 /* Person.swift */ = {isa = PBXFileReference; lastKnownFileType = sourcecode.swift; path = Person.swift; sourceTree = "<group>"; };
		4FC80B6D26711A4A00F09016 /* FirebaseApp.app */ = {isa = PBXFileReference; explicitFileType = wrapper.application; includeInIndex = 0; path = FirebaseApp.app; sourceTree = BUILT_PRODUCTS_DIR; };
		4FC80B7026711A4A00F09016 /* AppDelegate.swift */ = {isa = PBXFileReference; lastKnownFileType = sourcecode.swift; path = AppDelegate.swift; sourceTree = "<group>"; };
		4FC80B7226711A4A00F09016 /* SceneDelegate.swift */ = {isa = PBXFileReference; lastKnownFileType = sourcecode.swift; path = SceneDelegate.swift; sourceTree = "<group>"; };
		4FC80B7426711A4A00F09016 /* ViewController.swift */ = {isa = PBXFileReference; lastKnownFileType = sourcecode.swift; path = ViewController.swift; sourceTree = "<group>"; };
		4FC80B7726711A4A00F09016 /* Base */ = {isa = PBXFileReference; lastKnownFileType = file.storyboard; name = Base; path = Base.lproj/Main.storyboard; sourceTree = "<group>"; };
		4FC80B7A26711A4A00F09016 /* FirebaseApp.xcdatamodel */ = {isa = PBXFileReference; lastKnownFileType = wrapper.xcdatamodel; path = FirebaseApp.xcdatamodel; sourceTree = "<group>"; };
		4FC80B7C26711A5900F09016 /* Assets.xcassets */ = {isa = PBXFileReference; lastKnownFileType = folder.assetcatalog; path = Assets.xcassets; sourceTree = "<group>"; };
		4FC80B7F26711A5900F09016 /* Base */ = {isa = PBXFileReference; lastKnownFileType = file.storyboard; name = Base; path = Base.lproj/LaunchScreen.storyboard; sourceTree = "<group>"; };
		4FC80B8126711A5900F09016 /* Info.plist */ = {isa = PBXFileReference; lastKnownFileType = text.plist.xml; path = Info.plist; sourceTree = "<group>"; };
		7D5241B4317EF5F7B08F511A /* Pods-FirebaseApp.release.xcconfig */ = {isa = PBXFileReference; includeInIndex = 1; lastKnownFileType = text.xcconfig; name = "Pods-FirebaseApp.release.xcconfig"; path = "Target Support Files/Pods-FirebaseApp/Pods-FirebaseApp.release.xcconfig"; sourceTree = "<group>"; };
		DB1B918424DC9A022B9583C7 /* Pods-FirebaseApp.debug.xcconfig */ = {isa = PBXFileReference; includeInIndex = 1; lastKnownFileType = text.xcconfig; name = "Pods-FirebaseApp.debug.xcconfig"; path = "Target Support Files/Pods-FirebaseApp/Pods-FirebaseApp.debug.xcconfig"; sourceTree = "<group>"; };
/* End PBXFileReference section */

/* Begin PBXFrameworksBuildPhase section */
		4FC80B6A26711A4A00F09016 /* Frameworks */ = {
			isa = PBXFrameworksBuildPhase;
			buildActionMask = 2147483647;
			files = (
				74089A72D06CC9889486B777 /* Pods_FirebaseApp.framework in Frameworks */,
			);
			runOnlyForDeploymentPostprocessing = 0;
		};
/* End PBXFrameworksBuildPhase section */

/* Begin PBXGroup section */
		27828F80148C1A82E49F7BC1 /* Frameworks */ = {
			isa = PBXGroup;
			children = (
				45F94ED55FF2CDB2110DAC30 /* Pods_FirebaseApp.framework */,
			);
			name = Frameworks;
			sourceTree = "<group>";
		};
		4FC80B6426711A4A00F09016 = {
			isa = PBXGroup;
			children = (
				4FC80B6F26711A4A00F09016 /* FirebaseApp */,
				4FC80B6E26711A4A00F09016 /* Products */,
				7AC9F99C128048FEF1DAED58 /* Pods */,
				27828F80148C1A82E49F7BC1 /* Frameworks */,
			);
			sourceTree = "<group>";
		};
		4FC80B6E26711A4A00F09016 /* Products */ = {
			isa = PBXGroup;
			children = (
				4FC80B6D26711A4A00F09016 /* FirebaseApp.app */,
			);
			name = Products;
			sourceTree = "<group>";
		};
		4FC80B6F26711A4A00F09016 /* FirebaseApp */ = {
			isa = PBXGroup;
			children = (
				4FC80B7026711A4A00F09016 /* AppDelegate.swift */,
				4FC80B7226711A4A00F09016 /* SceneDelegate.swift */,
				4F9BF63226724BE90071E5B6 /* LoginViewController.swift */,
				4F9BF636267276EB0071E5B6 /* Person.swift */,
				4FC80B7426711A4A00F09016 /* ViewController.swift */,
				4F9BF62E26722B3C0071E5B6 /* AddViewController.swift */,
				4FC80B7626711A4A00F09016 /* Main.storyboard */,
				4FC80B7C26711A5900F09016 /* Assets.xcassets */,
				4FC80B7E26711A5900F09016 /* LaunchScreen.storyboard */,
				4F9BF63026722EB00071E5B6 /* EditViewController.swift */,
				4FC80B8126711A5900F09016 /* Info.plist */,
				4F9BF63426725B470071E5B6 /* GoogleService-Info.plist */,
				4FC80B7926711A4A00F09016 /* FirebaseApp.xcdatamodeld */,
			);
			path = FirebaseApp;
			sourceTree = "<group>";
		};
		7AC9F99C128048FEF1DAED58 /* Pods */ = {
			isa = PBXGroup;
			children = (
				DB1B918424DC9A022B9583C7 /* Pods-FirebaseApp.debug.xcconfig */,
				7D5241B4317EF5F7B08F511A /* Pods-FirebaseApp.release.xcconfig */,
			);
			path = Pods;
			sourceTree = "<group>";
		};
/* End PBXGroup section */

/* Begin PBXNativeTarget section */
		4FC80B6C26711A4A00F09016 /* FirebaseApp */ = {
			isa = PBXNativeTarget;
			buildConfigurationList = 4FC80B8426711A5900F09016 /* Build configuration list for PBXNativeTarget "FirebaseApp" */;
			buildPhases = (
				7064683604135EF6B69CBEDC /* [CP] Check Pods Manifest.lock */,
				4FC80B6926711A4A00F09016 /* Sources */,
				4FC80B6A26711A4A00F09016 /* Frameworks */,
				4FC80B6B26711A4A00F09016 /* Resources */,
				61FAE49EC6381EB669B69146 /* [CP] Embed Pods Frameworks */,
			);
			buildRules = (
			);
			dependencies = (
			);
			name = FirebaseApp;
			productName = FirebaseApp;
			productReference = 4FC80B6D26711A4A00F09016 /* FirebaseApp.app */;
			productType = "com.apple.product-type.application";
		};
/* End PBXNativeTarget section */

/* Begin PBXProject section */
		4FC80B6526711A4A00F09016 /* Project object */ = {
			isa = PBXProject;
			attributes = {
				LastSwiftUpdateCheck = 1130;
				LastUpgradeCheck = 1130;
				ORGANIZATIONNAME = "Mehdi Benrefad";
				TargetAttributes = {
					4FC80B6C26711A4A00F09016 = {
						CreatedOnToolsVersion = 11.3.1;
					};
				};
			};
			buildConfigurationList = 4FC80B6826711A4A00F09016 /* Build configuration list for PBXProject "FirebaseApp" */;
			compatibilityVersion = "Xcode 9.3";
			developmentRegion = en;
			hasScannedForEncodings = 0;
			knownRegions = (
				en,
				Base,
			);
			mainGroup = 4FC80B6426711A4A00F09016;
			productRefGroup = 4FC80B6E26711A4A00F09016 /* Products */;
			projectDirPath = "";
			projectRoot = "";
			targets = (
				4FC80B6C26711A4A00F09016 /* FirebaseApp */,
			);
		};
/* End PBXProject section */

/* Begin PBXResourcesBuildPhase section */
		4FC80B6B26711A4A00F09016 /* Resources */ = {
			isa = PBXResourcesBuildPhase;
			buildActionMask = 2147483647;
			files = (
				4FC80B8026711A5900F09016 /* LaunchScreen.storyboard in Resources */,
				4F9BF63526725B470071E5B6 /* GoogleService-Info.plist in Resources */,
				4FC80B7D26711A5900F09016 /* Assets.xcassets in Resources */,
				4FC80B7826711A4A00F09016 /* Main.storyboard in Resources */,
			);
			runOnlyForDeploymentPostprocessing = 0;
		};
/* End PBXResourcesBuildPhase section */

/* Begin PBXShellScriptBuildPhase section */
		61FAE49EC6381EB669B69146 /* [CP] Embed Pods Frameworks */ = {
			isa = PBXShellScriptBuildPhase;
			buildActionMask = 2147483647;
			files = (
			);
			inputFileListPaths = (
				"${PODS_ROOT}/Target Support Files/Pods-FirebaseApp/Pods-FirebaseApp-frameworks-${CONFIGURATION}-input-files.xcfilelist",
			);
			name = "[CP] Embed Pods Frameworks";
			outputFileListPaths = (
				"${PODS_ROOT}/Target Support Files/Pods-FirebaseApp/Pods-FirebaseApp-frameworks-${CONFIGURATION}-output-files.xcfilelist",
			);
			runOnlyForDeploymentPostprocessing = 0;
			shellPath = /bin/sh;
			shellScript = "\"${PODS_ROOT}/Target Support Files/Pods-FirebaseApp/Pods-FirebaseApp-frameworks.sh\"\n";
			showEnvVarsInLog = 0;
		};
		7064683604135EF6B69CBEDC /* [CP] Check Pods Manifest.lock */ = {
			isa = PBXShellScriptBuildPhase;
			buildActionMask = 2147483647;
			files = (
			);
			inputFileListPaths = (
			);
			inputPaths = (
				"${PODS_PODFILE_DIR_PATH}/Podfile.lock",
				"${PODS_ROOT}/Manifest.lock",
			);
			name = "[CP] Check Pods Manifest.lock";
			outputFileListPaths = (
			);
			outputPaths = (
				"$(DERIVED_FILE_DIR)/Pods-FirebaseApp-checkManifestLockResult.txt",
			);
			runOnlyForDeploymentPostprocessing = 0;
			shellPath = /bin/sh;
			shellScript = "diff \"${PODS_PODFILE_DIR_PATH}/Podfile.lock\" \"${PODS_ROOT}/Manifest.lock\" > /dev/null\nif [ $? != 0 ] ; then\n    # print error to STDERR\n    echo \"error: The sandbox is not in sync with the Podfile.lock. Run 'pod install' or update your CocoaPods installation.\" >&2\n    exit 1\nfi\n# This output is used by Xcode 'outputs' to avoid re-running this script phase.\necho \"SUCCESS\" > \"${SCRIPT_OUTPUT_FILE_0}\"\n";
			showEnvVarsInLog = 0;
		};
/* End PBXShellScriptBuildPhase section */

/* Begin PBXSourcesBuildPhase section */
		4FC80B6926711A4A00F09016 /* Sources */ = {
			isa = PBXSourcesBuildPhase;
			buildActionMask = 2147483647;
			files = (
				4F9BF63326724BE90071E5B6 /* LoginViewController.swift in Sources */,
				4F9BF62F26722B3D0071E5B6 /* AddViewController.swift in Sources */,
				4FC80B7526711A4A00F09016 /* ViewController.swift in Sources */,
				4F9BF63126722EB00071E5B6 /* EditViewController.swift in Sources */,
				4FC80B7126711A4A00F09016 /* AppDelegate.swift in Sources */,
				4FC80B7B26711A4A00F09016 /* FirebaseApp.xcdatamodeld in Sources */,
				4F9BF637267276EC0071E5B6 /* Person.swift in Sources */,
				4FC80B7326711A4A00F09016 /* SceneDelegate.swift in Sources */,
			);
			runOnlyForDeploymentPostprocessing = 0;
		};
/* End PBXSourcesBuildPhase section */

/* Begin PBXVariantGroup section */
		4FC80B7626711A4A00F09016 /* Main.storyboard */ = {
			isa = PBXVariantGroup;
			children = (
				4FC80B7726711A4A00F09016 /* Base */,
			);
			name = Main.storyboard;
			sourceTree = "<group>";
		};
		4FC80B7E26711A5900F09016 /* LaunchScreen.storyboard */ = {
			isa = PBXVariantGroup;
			children = (
				4FC80B7F26711A5900F09016 /* Base */,
			);
			name = LaunchScreen.storyboard;
			sourceTree = "<group>";
		};
/* End PBXVariantGroup section */

/* Begin XCBuildConfiguration section */
		4FC80B8226711A5900F09016 /* Debug */ = {
			isa = XCBuildConfiguration;
			buildSettings = {
				ALWAYS_SEARCH_USER_PATHS = NO;
				CLANG_ANALYZER_NONNULL = YES;
				CLANG_ANALYZER_NUMBER_OBJECT_CONVERSION = YES_AGGRESSIVE;
				CLANG_CXX_LANGUAGE_STANDARD = "gnu++14";
				CLANG_CXX_LIBRARY = "libc++";
				CLANG_ENABLE_MODULES = YES;
				CLANG_ENABLE_OBJC_ARC = YES;
				CLANG_ENABLE_OBJC_WEAK = YES;
				CLANG_WARN_BLOCK_CAPTURE_AUTORELEASING = YES;
				CLANG_WARN_BOOL_CONVERSION = YES;
				CLANG_WARN_COMMA = YES;
				CLANG_WARN_CONSTANT_CONVERSION = YES;
				CLANG_WARN_DEPRECATED_OBJC_IMPLEMENTATIONS = YES;
				CLANG_WARN_DIRECT_OBJC_ISA_USAGE = YES_ERROR;
				CLANG_WARN_DOCUMENTATION_COMMENTS = YES;
				CLANG_WARN_EMPTY_BODY = YES;
				CLANG_WARN_ENUM_CONVERSION = YES;
				CLANG_WARN_INFINITE_RECURSION = YES;
				CLANG_WARN_INT_CONVERSION = YES;
				CLANG_WARN_NON_LITERAL_NULL_CONVERSION = YES;
				CLANG_WARN_OBJC_IMPLICIT_RETAIN_SELF = YES;
				CLANG_WARN_OBJC_LITERAL_CONVERSION = YES;
				CLANG_WARN_OBJC_ROOT_CLASS = YES_ERROR;
				CLANG_WARN_RANGE_LOOP_ANALYSIS = YES;
				CLANG_WARN_STRICT_PROTOTYPES = YES;
				CLANG_WARN_SUSPICIOUS_MOVE = YES;
				CLANG_WARN_UNGUARDED_AVAILABILITY = YES_AGGRESSIVE;
				CLANG_WARN_UNREACHABLE_CODE = YES;
				CLANG_WARN__DUPLICATE_METHOD_MATCH = YES;
				COPY_PHASE_STRIP = NO;
				DEBUG_INFORMATION_FORMAT = dwarf;
				ENABLE_STRICT_OBJC_MSGSEND = YES;
				ENABLE_TESTABILITY = YES;
				GCC_C_LANGUAGE_STANDARD = gnu11;
				GCC_DYNAMIC_NO_PIC = NO;
				GCC_NO_COMMON_BLOCKS = YES;
				GCC_OPTIMIZATION_LEVEL = 0;
				GCC_PREPROCESSOR_DEFINITIONS = (
					"DEBUG=1",
					"$(inherited)",
				);
				GCC_WARN_64_TO_32_BIT_CONVERSION = YES;
				GCC_WARN_ABOUT_RETURN_TYPE = YES_ERROR;
				GCC_WARN_UNDECLARED_SELECTOR = YES;
				GCC_WARN_UNINITIALIZED_AUTOS = YES_AGGRESSIVE;
				GCC_WARN_UNUSED_FUNCTION = YES;
				GCC_WARN_UNUSED_VARIABLE = YES;
				IPHONEOS_DEPLOYMENT_TARGET = 13.2;
				MTL_ENABLE_DEBUG_INFO = INCLUDE_SOURCE;
				MTL_FAST_MATH = YES;
				ONLY_ACTIVE_ARCH = YES;
				SDKROOT = iphoneos;
				SWIFT_ACTIVE_COMPILATION_CONDITIONS = DEBUG;
				SWIFT_OPTIMIZATION_LEVEL = "-Onone";
			};
			name = Debug;
		};
		4FC80B8326711A5900F09016 /* Release */ = {
			isa = XCBuildConfiguration;
			buildSettings = {
				ALWAYS_SEARCH_USER_PATHS = NO;
				CLANG_ANALYZER_NONNULL = YES;
				CLANG_ANALYZER_NUMBER_OBJECT_CONVERSION = YES_AGGRESSIVE;
				CLANG_CXX_LANGUAGE_STANDARD = "gnu++14";
				CLANG_CXX_LIBRARY = "libc++";
				CLANG_ENABLE_MODULES = YES;
				CLANG_ENABLE_OBJC_ARC = YES;
				CLANG_ENABLE_OBJC_WEAK = YES;
				CLANG_WARN_BLOCK_CAPTURE_AUTORELEASING = YES;
				CLANG_WARN_BOOL_CONVERSION = YES;
				CLANG_WARN_COMMA = YES;
				CLANG_WARN_CONSTANT_CONVERSION = YES;
				CLANG_WARN_DEPRECATED_OBJC_IMPLEMENTATIONS = YES;
				CLANG_WARN_DIRECT_OBJC_ISA_USAGE = YES_ERROR;
				CLANG_WARN_DOCUMENTATION_COMMENTS = YES;
				CLANG_WARN_EMPTY_BODY = YES;
				CLANG_WARN_ENUM_CONVERSION = YES;
				CLANG_WARN_INFINITE_RECURSION = YES;
				CLANG_WARN_INT_CONVERSION = YES;
				CLANG_WARN_NON_LITERAL_NULL_CONVERSION = YES;
				CLANG_WARN_OBJC_IMPLICIT_RETAIN_SELF = YES;
				CLANG_WARN_OBJC_LITERAL_CONVERSION = YES;
				CLANG_WARN_OBJC_ROOT_CLASS = YES_ERROR;
				CLANG_WARN_RANGE_LOOP_ANALYSIS = YES;
				CLANG_WARN_STRICT_PROTOTYPES = YES;
				CLANG_WARN_SUSPICIOUS_MOVE = YES;
				CLANG_WARN_UNGUARDED_AVAILABILITY = YES_AGGRESSIVE;
				CLANG_WARN_UNREACHABLE_CODE = YES;
				CLANG_WARN__DUPLICATE_METHOD_MATCH = YES;
				COPY_PHASE_STRIP = NO;
				DEBUG_INFORMATION_FORMAT = "dwarf-with-dsym";
				ENABLE_NS_ASSERTIONS = NO;
				ENABLE_STRICT_OBJC_MSGSEND = YES;
				GCC_C_LANGUAGE_STANDARD = gnu11;
				GCC_NO_COMMON_BLOCKS = YES;
				GCC_WARN_64_TO_32_BIT_CONVERSION = YES;
				GCC_WARN_ABOUT_RETURN_TYPE = YES_ERROR;
				GCC_WARN_UNDECLARED_SELECTOR = YES;
				GCC_WARN_UNINITIALIZED_AUTOS = YES_AGGRESSIVE;
				GCC_WARN_UNUSED_FUNCTION = YES;
				GCC_WARN_UNUSED_VARIABLE = YES;
				IPHONEOS_DEPLOYMENT_TARGET = 13.2;
				MTL_ENABLE_DEBUG_INFO = NO;
				MTL_FAST_MATH = YES;
				SDKROOT = iphoneos;
				SWIFT_COMPILATION_MODE = wholemodule;
				SWIFT_OPTIMIZATION_LEVEL = "-O";
				VALIDATE_PRODUCT = YES;
			};
			name = Release;
		};
		4FC80B8526711A5900F09016 /* Debug */ = {
			isa = XCBuildConfiguration;
			baseConfigurationReference = DB1B918424DC9A022B9583C7 /* Pods-FirebaseApp.debug.xcconfig */;
			buildSettings = {
				ASSETCATALOG_COMPILER_APPICON_NAME = AppIcon;
				CODE_SIGN_STYLE = Automatic;
				INFOPLIST_FILE = FirebaseApp/Info.plist;
				LD_RUNPATH_SEARCH_PATHS = (
					"$(inherited)",
					"@executable_path/Frameworks",
				);
				PRODUCT_BUNDLE_IDENTIFIER = "Mehdi-Benrefad.FirebaseApp";
				PRODUCT_NAME = "$(TARGET_NAME)";
				SWIFT_VERSION = 5.0;
				TARGETED_DEVICE_FAMILY = "1,2";
			};
			name = Debug;
		};
		4FC80B8626711A5900F09016 /* Release */ = {
			isa = XCBuildConfiguration;
			baseConfigurationReference = 7D5241B4317EF5F7B08F511A /* Pods-FirebaseApp.release.xcconfig */;
			buildSettings = {
				ASSETCATALOG_COMPILER_APPICON_NAME = AppIcon;
				CODE_SIGN_STYLE = Automatic;
				INFOPLIST_FILE = FirebaseApp/Info.plist;
				LD_RUNPATH_SEARCH_PATHS = (
					"$(inherited)",
					"@executable_path/Frameworks",
				);
				PRODUCT_BUNDLE_IDENTIFIER = "Mehdi-Benrefad.FirebaseApp";
				PRODUCT_NAME = "$(TARGET_NAME)";
				SWIFT_VERSION = 5.0;
				TARGETED_DEVICE_FAMILY = "1,2";
			};
			name = Release;
		};
/* End XCBuildConfiguration section */

/* Begin XCConfigurationList section */
		4FC80B6826711A4A00F09016 /* Build configuration list for PBXProject "FirebaseApp" */ = {
			isa = XCConfigurationList;
			buildConfigurations = (
				4FC80B8226711A5900F09016 /* Debug */,
				4FC80B8326711A5900F09016 /* Release */,
			);
			defaultConfigurationIsVisible = 0;
			defaultConfigurationName = Release;
		};
		4FC80B8426711A5900F09016 /* Build configuration list for PBXNativeTarget "FirebaseApp" */ = {
			isa = XCConfigurationList;
			buildConfigurations = (
				4FC80B8526711A5900F09016 /* Debug */,
				4FC80B8626711A5900F09016 /* Release */,
			);
			defaultConfigurationIsVisible = 0;
			defaultConfigurationName = Release;
		};
/* End XCConfigurationList section */

/* Begin XCVersionGroup section */
		4FC80B7926711A4A00F09016 /* FirebaseApp.xcdatamodeld */ = {
			isa = XCVersionGroup;
			children = (
				4FC80B7A26711A4A00F09016 /* FirebaseApp.xcdatamodel */,
			);
			currentVersion = 4FC80B7A26711A4A00F09016 /* FirebaseApp.xcdatamodel */;
			path = FirebaseApp.xcdatamodeld;
			sourceTree = "<group>";
			versionGroupType = wrapper.xcdatamodel;
		};
/* End XCVersionGroup section */
	};
	rootObject = 4FC80B6526711A4A00F09016 /* Project object */;
}
